
Microsoft Visual Studio Solution File, Format Version 12.00
# Visual Studio Version 17
VisualStudioVersion = 17.1.32228.430
MinimumVisualStudioVersion = 10.0.40219.1
Project("{9A19103F-16F7-4668-BE54-9A1E7A4F7556}") = "TrackableEntities.Common", "TrackableEntities.Common\TrackableEntities.Common.csproj", "{A37C8A5F-1ECE-4F06-A993-987C5F0273ED}"
EndProject
Project("{9A19103F-16F7-4668-BE54-9A1E7A4F7556}") = "TrackableEntities.Patterns", "TrackableEntities.Patterns\TrackableEntities.Patterns.csproj", "{60B43069-071B-41EF-811C-7DECC82BFFFE}"
EndProject
Project("{9A19103F-16F7-4668-BE54-9A1E7A4F7556}") = "TrackableEntities.EF.6", "TrackableEntities.EF.6\TrackableEntities.EF.6.csproj", "{3B21BCB6-AEE4-4AD7-829F-91FD4CC3BA55}"
EndProject
Project("{9A19103F-16F7-4668-BE54-9A1E7A4F7556}") = "TrackableEntities.Patterns.EF.6", "TrackableEntities.Patterns.EF.6\TrackableEntities.Patterns.EF.6.csproj", "{8F2EC97E-6C9A-445B-970C-EECEC73EA000}"
EndProject
Project("{2150E333-8FDC-42A3-9474-1A3956D46DE8}") = "Solution Items", "Solution Items", "{3C61A1B9-1765-4FF6-A077-66F1A2F47886}"
	ProjectSection(SolutionItems) = preProject
		AssemblyVersion.cs = AssemblyVersion.cs
	EndProjectSection
EndProject
Project("{9A19103F-16F7-4668-BE54-9A1E7A4F7556}") = "TrackableEntities.EF.Shim", "TrackableEntities.EF.Shim\TrackableEntities.EF.Shim.csproj", "{5CE9FD6A-C56B-47BB-8547-9531E0FE5D9C}"
EndProject
Global
	GlobalSection(SolutionConfigurationPlatforms) = preSolution
		Debug|Any CPU = Debug|Any CPU
		Release|Any CPU = Release|Any CPU
	EndGlobalSection
	GlobalSection(ProjectConfigurationPlatforms) = postSolution
		{A37C8A5F-1ECE-4F06-A993-987C5F0273ED}.Debug|Any CPU.ActiveCfg = Debug|Any CPU
		{A37C8A5F-1ECE-4F06-A993-987C5F0273ED}.Debug|Any CPU.Build.0 = Debug|Any CPU
		{A37C8A5F-1ECE-4F06-A993-987C5F0273ED}.Release|Any CPU.ActiveCfg = Release|Any CPU
		{A37C8A5F-1ECE-4F06-A993-987C5F0273ED}.Release|Any CPU.Build.0 = Release|Any CPU
		{60B43069-071B-41EF-811C-7DECC82BFFFE}.Debug|Any CPU.ActiveCfg = Debug|Any CPU
		{60B43069-071B-41EF-811C-7DECC82BFFFE}.Debug|Any CPU.Build.0 = Debug|Any CPU
		{60B43069-071B-41EF-811C-7DECC82BFFFE}.Release|Any CPU.ActiveCfg = Release|Any CPU
		{60B43069-071B-41EF-811C-7DECC82BFFFE}.Release|Any CPU.Build.0 = Release|Any CPU
		{3B21BCB6-AEE4-4AD7-829F-91FD4CC3BA55}.Debug|Any CPU.ActiveCfg = Debug|Any CPU
		{3B21BCB6-AEE4-4AD7-829F-91FD4CC3BA55}.Debug|Any CPU.Build.0 = Debug|Any CPU
		{3B21BCB6-AEE4-4AD7-829F-91FD4CC3BA55}.Release|Any CPU.ActiveCfg = Release|Any CPU
		{3B21BCB6-AEE4-4AD7-829F-91FD4CC3BA55}.Release|Any CPU.Build.0 = Release|Any CPU
		{8F2EC97E-6C9A-445B-970C-EECEC73EA000}.Debug|Any CPU.ActiveCfg = Debug|Any CPU
		{8F2EC97E-6C9A-445B-970C-EECEC73EA000}.Debug|Any CPU.Build.0 = Debug|Any CPU
		{8F2EC97E-6C9A-445B-970C-EECEC73EA000}.Release|Any CPU.ActiveCfg = Release|Any CPU
		{8F2EC97E-6C9A-445B-970C-EECEC73EA000}.Release|Any CPU.Build.0 = Release|Any CPU
		{5CE9FD6A-C56B-47BB-8547-9531E0FE5D9C}.Debug|Any CPU.ActiveCfg = Debug|Any CPU
		{5CE9FD6A-C56B-47BB-8547-9531E0FE5D9C}.Debug|Any CPU.Build.0 = Debug|Any CPU
		{5CE9FD6A-C56B-47BB-8547-9531E0FE5D9C}.Release|Any CPU.ActiveCfg = Release|Any CPU
		{5CE9FD6A-C56B-47BB-8547-9531E0FE5D9C}.Release|Any CPU.Build.0 = Release|Any CPU
	EndGlobalSection
	GlobalSection(SolutionProperties) = preSolution
		HideSolutionNode = FALSE
	EndGlobalSection
	GlobalSection(ExtensibilityGlobals) = postSolution
		SolutionGuid = {1B655476-5EEB-4865-935E-F7988EE3DF91}
	EndGlobalSection
EndGlobal
